// !$*UTF8*$!
{
	archiveVersion = 1;
	classes = {
	};
	objectVersion = 46;
	objects = {

/* Begin PBXBuildFile section */
		618F990DA07344DCA4B2B549 /* Pods.framework in Frameworks */ = {isa = PBXBuildFile; fileRef = AB2B7972AE94FB151260280A /* Pods.framework */; };
		EC896EAF1BF87C2700A93CF9 /* Gym+CoreDataProperties.m in Sources */ = {isa = PBXBuildFile; fileRef = EC896EAC1BF87C2700A93CF9 /* Gym+CoreDataProperties.m */; };
		EC896EB01BF87C2700A93CF9 /* Gym.m in Sources */ = {isa = PBXBuildFile; fileRef = EC896EAE1BF87C2700A93CF9 /* Gym.m */; };
		EC896EB21BF87CED00A93CF9 /* HeaderView.swift in Sources */ = {isa = PBXBuildFile; fileRef = EC896EB11BF87CED00A93CF9 /* HeaderView.swift */; };
		EC896EB41BF87CFC00A93CF9 /* HeaderView.xib in Resources */ = {isa = PBXBuildFile; fileRef = EC896EB31BF87CFC00A93CF9 /* HeaderView.xib */; };
		EC8CD00B1BDE94D500D41B24 /* Constants.swift in Sources */ = {isa = PBXBuildFile; fileRef = EC8CD00A1BDE94D500D41B24 /* Constants.swift */; };
		EC8CD00E1BDE989A00D41B24 /* UserService.swift in Sources */ = {isa = PBXBuildFile; fileRef = EC8CD00D1BDE989A00D41B24 /* UserService.swift */; };
		EC8CD0131BDE996F00D41B24 /* Training+CoreDataProperties.m in Sources */ = {isa = PBXBuildFile; fileRef = EC8CD0101BDE996F00D41B24 /* Training+CoreDataProperties.m */; };
		EC8CD0141BDE996F00D41B24 /* Training.m in Sources */ = {isa = PBXBuildFile; fileRef = EC8CD0121BDE996F00D41B24 /* Training.m */; };
		EC8CD0161BDE99D500D41B24 /* FeedDataController.swift in Sources */ = {isa = PBXBuildFile; fileRef = EC8CD0151BDE99D500D41B24 /* FeedDataController.swift */; };
		EC8CD01B1BDE9AC500D41B24 /* User+CoreDataProperties.m in Sources */ = {isa = PBXBuildFile; fileRef = EC8CD0181BDE9AC500D41B24 /* User+CoreDataProperties.m */; };
		EC8CD01C1BDE9AC500D41B24 /* User.m in Sources */ = {isa = PBXBuildFile; fileRef = EC8CD01A1BDE9AC500D41B24 /* User.m */; };
		EC8D66851BD8E28100E3FE31 /* AppDelegate.swift in Sources */ = {isa = PBXBuildFile; fileRef = EC8D66841BD8E28100E3FE31 /* AppDelegate.swift */; };
		EC8D668A1BD8E28100E3FE31 /* Main.storyboard in Resources */ = {isa = PBXBuildFile; fileRef = EC8D66881BD8E28100E3FE31 /* Main.storyboard */; };
		EC8D668C1BD8E28100E3FE31 /* Assets.xcassets in Resources */ = {isa = PBXBuildFile; fileRef = EC8D668B1BD8E28100E3FE31 /* Assets.xcassets */; };
		EC8D668F1BD8E28100E3FE31 /* LaunchScreen.storyboard in Resources */ = {isa = PBXBuildFile; fileRef = EC8D668D1BD8E28100E3FE31 /* LaunchScreen.storyboard */; };
		EC8D66991BD8F40B00E3FE31 /* ProfileViewController.swift in Sources */ = {isa = PBXBuildFile; fileRef = EC8D66981BD8F40B00E3FE31 /* ProfileViewController.swift */; };
		EC8D669B1BD8F41D00E3FE31 /* FeedViewController.swift in Sources */ = {isa = PBXBuildFile; fileRef = EC8D669A1BD8F41D00E3FE31 /* FeedViewController.swift */; };
		EC8D669D1BD8F42600E3FE31 /* SettingsViewController.swift in Sources */ = {isa = PBXBuildFile; fileRef = EC8D669C1BD8F42600E3FE31 /* SettingsViewController.swift */; };
		EC9785AD1BDA0D8200488F8F /* crosslog.xcdatamodeld in Sources */ = {isa = PBXBuildFile; fileRef = EC9785AB1BDA0D8200488F8F /* crosslog.xcdatamodeld */; };
		EC9785BD1BDA161F00488F8F /* WorkoutItem+CoreDataProperties.m in Sources */ = {isa = PBXBuildFile; fileRef = EC9785B21BDA161F00488F8F /* WorkoutItem+CoreDataProperties.m */; };
		EC9785BE1BDA161F00488F8F /* WorkoutItem.m in Sources */ = {isa = PBXBuildFile; fileRef = EC9785B41BDA161F00488F8F /* WorkoutItem.m */; };
		EC9785BF1BDA161F00488F8F /* Exercise+CoreDataProperties.m in Sources */ = {isa = PBXBuildFile; fileRef = EC9785B61BDA161F00488F8F /* Exercise+CoreDataProperties.m */; };
		EC9785C01BDA161F00488F8F /* Exercise.m in Sources */ = {isa = PBXBuildFile; fileRef = EC9785B81BDA161F00488F8F /* Exercise.m */; };
		EC9785C11BDA161F00488F8F /* Workout+CoreDataProperties.m in Sources */ = {isa = PBXBuildFile; fileRef = EC9785BA1BDA161F00488F8F /* Workout+CoreDataProperties.m */; };
		EC9785C21BDA161F00488F8F /* Workout.m in Sources */ = {isa = PBXBuildFile; fileRef = EC9785BC1BDA161F00488F8F /* Workout.m */; };
		ECC6ED4F1BFB9E7300AE706E /* FeedCell.swift in Sources */ = {isa = PBXBuildFile; fileRef = ECC6ED4E1BFB9E7300AE706E /* FeedCell.swift */; };
/* End PBXBuildFile section */

/* Begin PBXFileReference section */
		22BE1A02153C2F03A90338B1 /* Pods.debug.xcconfig */ = {isa = PBXFileReference; includeInIndex = 1; lastKnownFileType = text.xcconfig; name = Pods.debug.xcconfig; path = "Pods/Target Support Files/Pods/Pods.debug.xcconfig"; sourceTree = "<group>"; };
		AB2B7972AE94FB151260280A /* Pods.framework */ = {isa = PBXFileReference; explicitFileType = wrapper.framework; includeInIndex = 0; path = Pods.framework; sourceTree = BUILT_PRODUCTS_DIR; };
		BA5CCA4374F8F2F5DD062313 /* Pods.release.xcconfig */ = {isa = PBXFileReference; includeInIndex = 1; lastKnownFileType = text.xcconfig; name = Pods.release.xcconfig; path = "Pods/Target Support Files/Pods/Pods.release.xcconfig"; sourceTree = "<group>"; };
		EC2DA6331BE536F9002C6FB0 /* crosslog-prefix.pch */ = {isa = PBXFileReference; lastKnownFileType = sourcecode.c.h; path = "crosslog-prefix.pch"; sourceTree = "<group>"; };
		EC896EAB1BF87C2700A93CF9 /* Gym+CoreDataProperties.h */ = {isa = PBXFileReference; fileEncoding = 4; lastKnownFileType = sourcecode.c.h; path = "Gym+CoreDataProperties.h"; sourceTree = "<group>"; };
		EC896EAC1BF87C2700A93CF9 /* Gym+CoreDataProperties.m */ = {isa = PBXFileReference; fileEncoding = 4; lastKnownFileType = sourcecode.c.objc; path = "Gym+CoreDataProperties.m"; sourceTree = "<group>"; };
		EC896EAD1BF87C2700A93CF9 /* Gym.h */ = {isa = PBXFileReference; fileEncoding = 4; lastKnownFileType = sourcecode.c.h; path = Gym.h; sourceTree = "<group>"; };
		EC896EAE1BF87C2700A93CF9 /* Gym.m */ = {isa = PBXFileReference; fileEncoding = 4; lastKnownFileType = sourcecode.c.objc; path = Gym.m; sourceTree = "<group>"; };
		EC896EB11BF87CED00A93CF9 /* HeaderView.swift */ = {isa = PBXFileReference; fileEncoding = 4; lastKnownFileType = sourcecode.swift; path = HeaderView.swift; sourceTree = "<group>"; };
		EC896EB31BF87CFC00A93CF9 /* HeaderView.xib */ = {isa = PBXFileReference; fileEncoding = 4; lastKnownFileType = file.xib; path = HeaderView.xib; sourceTree = "<group>"; };
		EC8CD00A1BDE94D500D41B24 /* Constants.swift */ = {isa = PBXFileReference; fileEncoding = 4; lastKnownFileType = sourcecode.swift; path = Constants.swift; sourceTree = "<group>"; };
		EC8CD00D1BDE989A00D41B24 /* UserService.swift */ = {isa = PBXFileReference; fileEncoding = 4; lastKnownFileType = sourcecode.swift; path = UserService.swift; sourceTree = "<group>"; };
		EC8CD00F1BDE996F00D41B24 /* Training+CoreDataProperties.h */ = {isa = PBXFileReference; fileEncoding = 4; lastKnownFileType = sourcecode.c.h; path = "Training+CoreDataProperties.h"; sourceTree = "<group>"; };
		EC8CD0101BDE996F00D41B24 /* Training+CoreDataProperties.m */ = {isa = PBXFileReference; fileEncoding = 4; lastKnownFileType = sourcecode.c.objc; path = "Training+CoreDataProperties.m"; sourceTree = "<group>"; };
		EC8CD0111BDE996F00D41B24 /* Training.h */ = {isa = PBXFileReference; fileEncoding = 4; lastKnownFileType = sourcecode.c.h; path = Training.h; sourceTree = "<group>"; };
		EC8CD0121BDE996F00D41B24 /* Training.m */ = {isa = PBXFileReference; fileEncoding = 4; lastKnownFileType = sourcecode.c.objc; path = Training.m; sourceTree = "<group>"; };
		EC8CD0151BDE99D500D41B24 /* FeedDataController.swift */ = {isa = PBXFileReference; fileEncoding = 4; lastKnownFileType = sourcecode.swift; path = FeedDataController.swift; sourceTree = "<group>"; };
		EC8CD0171BDE9AC500D41B24 /* User+CoreDataProperties.h */ = {isa = PBXFileReference; fileEncoding = 4; lastKnownFileType = sourcecode.c.h; path = "User+CoreDataProperties.h"; sourceTree = "<group>"; };
		EC8CD0181BDE9AC500D41B24 /* User+CoreDataProperties.m */ = {isa = PBXFileReference; fileEncoding = 4; lastKnownFileType = sourcecode.c.objc; path = "User+CoreDataProperties.m"; sourceTree = "<group>"; };
		EC8CD0191BDE9AC500D41B24 /* User.h */ = {isa = PBXFileReference; fileEncoding = 4; lastKnownFileType = sourcecode.c.h; path = User.h; sourceTree = "<group>"; };
		EC8CD01A1BDE9AC500D41B24 /* User.m */ = {isa = PBXFileReference; fileEncoding = 4; lastKnownFileType = sourcecode.c.objc; path = User.m; sourceTree = "<group>"; };
		EC8D66811BD8E28000E3FE31 /* crosslog.app */ = {isa = PBXFileReference; explicitFileType = wrapper.application; includeInIndex = 0; path = crosslog.app; sourceTree = BUILT_PRODUCTS_DIR; };
		EC8D66841BD8E28100E3FE31 /* AppDelegate.swift */ = {isa = PBXFileReference; lastKnownFileType = sourcecode.swift; path = AppDelegate.swift; sourceTree = "<group>"; };
		EC8D66891BD8E28100E3FE31 /* Base */ = {isa = PBXFileReference; lastKnownFileType = file.storyboard; name = Base; path = Base.lproj/Main.storyboard; sourceTree = "<group>"; };
		EC8D668B1BD8E28100E3FE31 /* Assets.xcassets */ = {isa = PBXFileReference; lastKnownFileType = folder.assetcatalog; name = Assets.xcassets; path = ../Assets.xcassets; sourceTree = "<group>"; };
		EC8D668E1BD8E28100E3FE31 /* Base */ = {isa = PBXFileReference; lastKnownFileType = file.storyboard; name = Base; path = Base.lproj/LaunchScreen.storyboard; sourceTree = "<group>"; };
		EC8D66901BD8E28100E3FE31 /* Info.plist */ = {isa = PBXFileReference; lastKnownFileType = text.plist.xml; name = Info.plist; path = ../Info.plist; sourceTree = "<group>"; };
		EC8D66981BD8F40B00E3FE31 /* ProfileViewController.swift */ = {isa = PBXFileReference; fileEncoding = 4; lastKnownFileType = sourcecode.swift; path = ProfileViewController.swift; sourceTree = "<group>"; };
		EC8D669A1BD8F41D00E3FE31 /* FeedViewController.swift */ = {isa = PBXFileReference; fileEncoding = 4; lastKnownFileType = sourcecode.swift; path = FeedViewController.swift; sourceTree = "<group>"; };
		EC8D669C1BD8F42600E3FE31 /* SettingsViewController.swift */ = {isa = PBXFileReference; fileEncoding = 4; lastKnownFileType = sourcecode.swift; path = SettingsViewController.swift; sourceTree = "<group>"; };
		EC9785AC1BDA0D8200488F8F /* crosslog.xcdatamodel */ = {isa = PBXFileReference; lastKnownFileType = wrapper.xcdatamodel; path = crosslog.xcdatamodel; sourceTree = "<group>"; };
		EC9785B01BDA161E00488F8F /* crosslog-Bridging-Header.h */ = {isa = PBXFileReference; lastKnownFileType = sourcecode.c.h; name = "crosslog-Bridging-Header.h"; path = "Data Model/crosslog-Bridging-Header.h"; sourceTree = "<group>"; };
		EC9785B11BDA161F00488F8F /* WorkoutItem+CoreDataProperties.h */ = {isa = PBXFileReference; fileEncoding = 4; lastKnownFileType = sourcecode.c.h; path = "WorkoutItem+CoreDataProperties.h"; sourceTree = "<group>"; };
		EC9785B21BDA161F00488F8F /* WorkoutItem+CoreDataProperties.m */ = {isa = PBXFileReference; fileEncoding = 4; lastKnownFileType = sourcecode.c.objc; path = "WorkoutItem+CoreDataProperties.m"; sourceTree = "<group>"; };
		EC9785B31BDA161F00488F8F /* WorkoutItem.h */ = {isa = PBXFileReference; fileEncoding = 4; lastKnownFileType = sourcecode.c.h; path = WorkoutItem.h; sourceTree = "<group>"; };
		EC9785B41BDA161F00488F8F /* WorkoutItem.m */ = {isa = PBXFileReference; fileEncoding = 4; lastKnownFileType = sourcecode.c.objc; path = WorkoutItem.m; sourceTree = "<group>"; };
		EC9785B51BDA161F00488F8F /* Exercise+CoreDataProperties.h */ = {isa = PBXFileReference; fileEncoding = 4; lastKnownFileType = sourcecode.c.h; path = "Exercise+CoreDataProperties.h"; sourceTree = "<group>"; };
		EC9785B61BDA161F00488F8F /* Exercise+CoreDataProperties.m */ = {isa = PBXFileReference; fileEncoding = 4; lastKnownFileType = sourcecode.c.objc; path = "Exercise+CoreDataProperties.m"; sourceTree = "<group>"; };
		EC9785B71BDA161F00488F8F /* Exercise.h */ = {isa = PBXFileReference; fileEncoding = 4; lastKnownFileType = sourcecode.c.h; path = Exercise.h; sourceTree = "<group>"; };
		EC9785B81BDA161F00488F8F /* Exercise.m */ = {isa = PBXFileReference; fileEncoding = 4; lastKnownFileType = sourcecode.c.objc; path = Exercise.m; sourceTree = "<group>"; };
		EC9785B91BDA161F00488F8F /* Workout+CoreDataProperties.h */ = {isa = PBXFileReference; fileEncoding = 4; lastKnownFileType = sourcecode.c.h; path = "Workout+CoreDataProperties.h"; sourceTree = "<group>"; };
		EC9785BA1BDA161F00488F8F /* Workout+CoreDataProperties.m */ = {isa = PBXFileReference; fileEncoding = 4; lastKnownFileType = sourcecode.c.objc; path = "Workout+CoreDataProperties.m"; sourceTree = "<group>"; };
		EC9785BB1BDA161F00488F8F /* Workout.h */ = {isa = PBXFileReference; fileEncoding = 4; lastKnownFileType = sourcecode.c.h; path = Workout.h; sourceTree = "<group>"; };
		EC9785BC1BDA161F00488F8F /* Workout.m */ = {isa = PBXFileReference; fileEncoding = 4; lastKnownFileType = sourcecode.c.objc; path = Workout.m; sourceTree = "<group>"; };
		EC9785C31BDA167E00488F8F /* DataModel.h */ = {isa = PBXFileReference; lastKnownFileType = sourcecode.c.h; path = DataModel.h; sourceTree = "<group>"; };
		ECC6ED4E1BFB9E7300AE706E /* FeedCell.swift */ = {isa = PBXFileReference; fileEncoding = 4; lastKnownFileType = sourcecode.swift; path = FeedCell.swift; sourceTree = "<group>"; };
/* End PBXFileReference section */

/* Begin PBXFrameworksBuildPhase section */
		EC8D667E1BD8E28000E3FE31 /* Frameworks */ = {
			isa = PBXFrameworksBuildPhase;
			buildActionMask = 2147483647;
			files = (
				618F990DA07344DCA4B2B549 /* Pods.framework in Frameworks */,
			);
			runOnlyForDeploymentPostprocessing = 0;
		};
/* End PBXFrameworksBuildPhase section */

/* Begin PBXGroup section */
		6E51B516C0E76B900EBCE26C /* Pods */ = {
			isa = PBXGroup;
			children = (
				22BE1A02153C2F03A90338B1 /* Pods.debug.xcconfig */,
				BA5CCA4374F8F2F5DD062313 /* Pods.release.xcconfig */,
			);
			name = Pods;
			sourceTree = "<group>";
		};
		7044E20A35EBA2F60C0A2BAF /* Frameworks */ = {
			isa = PBXGroup;
			children = (
				AB2B7972AE94FB151260280A /* Pods.framework */,
			);
			name = Frameworks;
			sourceTree = "<group>";
		};
		EC8D66781BD8E28000E3FE31 = {
			isa = PBXGroup;
			children = (
				EC8D66831BD8E28100E3FE31 /* crosslog */,
				EC8D66821BD8E28000E3FE31 /* Products */,
				6E51B516C0E76B900EBCE26C /* Pods */,
				7044E20A35EBA2F60C0A2BAF /* Frameworks */,
			);
			sourceTree = "<group>";
		};
		EC8D66821BD8E28000E3FE31 /* Products */ = {
			isa = PBXGroup;
			children = (
				EC8D66811BD8E28000E3FE31 /* crosslog.app */,
			);
			name = Products;
			sourceTree = "<group>";
		};
		EC8D66831BD8E28100E3FE31 /* crosslog */ = {
			isa = PBXGroup;
			children = (
				EC8D66841BD8E28100E3FE31 /* AppDelegate.swift */,
				EC9785B01BDA161E00488F8F /* crosslog-Bridging-Header.h */,
				EC9785C41BDA179B00488F8F /* Common */,
				EC9785AF1BDA15FE00488F8F /* Data Model */,
				EC9785AE1BDA15FE00488F8F /* BL */,
				EC8D66961BD8F3EB00E3FE31 /* UI */,
				EC9785A91BDA0CFC00488F8F /* Resources */,
				EC9785AA1BDA0D2C00488F8F /* Support Files */,
			);
			path = crosslog;
			sourceTree = "<group>";
		};
		EC8D66961BD8F3EB00E3FE31 /* UI */ = {
			isa = PBXGroup;
			children = (
				ECC6ED4D1BFB9E4F00AE706E /* Cells */,
				EC8D66971BD8F3EC00E3FE31 /* View Controllers */,
			);
			path = UI;
			sourceTree = "<group>";
		};
		EC8D66971BD8F3EC00E3FE31 /* View Controllers */ = {
			isa = PBXGroup;
			children = (
				EC8D66981BD8F40B00E3FE31 /* ProfileViewController.swift */,
				EC8D669A1BD8F41D00E3FE31 /* FeedViewController.swift */,
				EC8D669C1BD8F42600E3FE31 /* SettingsViewController.swift */,
				EC896EB11BF87CED00A93CF9 /* HeaderView.swift */,
			);
			path = "View Controllers";
			sourceTree = "<group>";
		};
		EC9785A91BDA0CFC00488F8F /* Resources */ = {
			isa = PBXGroup;
			children = (
				EC8D668B1BD8E28100E3FE31 /* Assets.xcassets */,
				EC8D66881BD8E28100E3FE31 /* Main.storyboard */,
				EC8D668D1BD8E28100E3FE31 /* LaunchScreen.storyboard */,
				EC896EB31BF87CFC00A93CF9 /* HeaderView.xib */,
				EC9785AB1BDA0D8200488F8F /* crosslog.xcdatamodeld */,
			);
			path = Resources;
			sourceTree = "<group>";
		};
		EC9785AA1BDA0D2C00488F8F /* Support Files */ = {
			isa = PBXGroup;
			children = (
				EC8D66901BD8E28100E3FE31 /* Info.plist */,
				EC2DA6331BE536F9002C6FB0 /* crosslog-prefix.pch */,
			);
			path = "Support Files";
			sourceTree = "<group>";
		};
		EC9785AE1BDA15FE00488F8F /* BL */ = {
			isa = PBXGroup;
			children = (
				EC8CD00D1BDE989A00D41B24 /* UserService.swift */,
				EC8CD0151BDE99D500D41B24 /* FeedDataController.swift */,
			);
			path = BL;
			sourceTree = "<group>";
		};
		EC9785AF1BDA15FE00488F8F /* Data Model */ = {
			isa = PBXGroup;
			children = (
				EC9785C31BDA167E00488F8F /* DataModel.h */,
				EC896EAB1BF87C2700A93CF9 /* Gym+CoreDataProperties.h */,
				EC896EAC1BF87C2700A93CF9 /* Gym+CoreDataProperties.m */,
				EC896EAD1BF87C2700A93CF9 /* Gym.h */,
				EC896EAE1BF87C2700A93CF9 /* Gym.m */,
				EC8CD0171BDE9AC500D41B24 /* User+CoreDataProperties.h */,
				EC8CD0181BDE9AC500D41B24 /* User+CoreDataProperties.m */,
				EC8CD0191BDE9AC500D41B24 /* User.h */,
				EC8CD01A1BDE9AC500D41B24 /* User.m */,
				EC8CD00F1BDE996F00D41B24 /* Training+CoreDataProperties.h */,
				EC8CD0101BDE996F00D41B24 /* Training+CoreDataProperties.m */,
				EC8CD0111BDE996F00D41B24 /* Training.h */,
				EC8CD0121BDE996F00D41B24 /* Training.m */,
				EC9785B11BDA161F00488F8F /* WorkoutItem+CoreDataProperties.h */,
				EC9785B21BDA161F00488F8F /* WorkoutItem+CoreDataProperties.m */,
				EC9785B31BDA161F00488F8F /* WorkoutItem.h */,
				EC9785B41BDA161F00488F8F /* WorkoutItem.m */,
				EC9785B51BDA161F00488F8F /* Exercise+CoreDataProperties.h */,
				EC9785B61BDA161F00488F8F /* Exercise+CoreDataProperties.m */,
				EC9785B71BDA161F00488F8F /* Exercise.h */,
				EC9785B81BDA161F00488F8F /* Exercise.m */,
				EC9785B91BDA161F00488F8F /* Workout+CoreDataProperties.h */,
				EC9785BA1BDA161F00488F8F /* Workout+CoreDataProperties.m */,
				EC9785BB1BDA161F00488F8F /* Workout.h */,
				EC9785BC1BDA161F00488F8F /* Workout.m */,
			);
			path = "Data Model";
			sourceTree = "<group>";
		};
		EC9785C41BDA179B00488F8F /* Common */ = {
			isa = PBXGroup;
			children = (
				EC8CD00A1BDE94D500D41B24 /* Constants.swift */,
			);
			path = Common;
			sourceTree = "<group>";
		};
		ECC6ED4D1BFB9E4F00AE706E /* Cells */ = {
			isa = PBXGroup;
			children = (
				ECC6ED4E1BFB9E7300AE706E /* FeedCell.swift */,
			);
			path = Cells;
			sourceTree = "<group>";
		};
/* End PBXGroup section */

/* Begin PBXNativeTarget section */
		EC8D66801BD8E28000E3FE31 /* crosslog */ = {
			isa = PBXNativeTarget;
			buildConfigurationList = EC8D66931BD8E28100E3FE31 /* Build configuration list for PBXNativeTarget "crosslog" */;
			buildPhases = (
				E6E48D1B440F08E450B268F2 /* Check Pods Manifest.lock */,
				EC8D667D1BD8E28000E3FE31 /* Sources */,
				EC8D667E1BD8E28000E3FE31 /* Frameworks */,
				EC8D667F1BD8E28000E3FE31 /* Resources */,
				62D2C328ED6919F6B41C3976 /* Embed Pods Frameworks */,
				6AD8A13F4A163E90C3185229 /* Copy Pods Resources */,
			);
			buildRules = (
			);
			dependencies = (
			);
			name = crosslog;
			productName = crosslog;
			productReference = EC8D66811BD8E28000E3FE31 /* crosslog.app */;
			productType = "com.apple.product-type.application";
		};
/* End PBXNativeTarget section */

/* Begin PBXProject section */
		EC8D66791BD8E28000E3FE31 /* Project object */ = {
			isa = PBXProject;
			attributes = {
				LastSwiftUpdateCheck = 0710;
				LastUpgradeCheck = 0700;
				ORGANIZATIONNAME = "Mikhail Rakhmalevich";
				TargetAttributes = {
					EC8D66801BD8E28000E3FE31 = {
						CreatedOnToolsVersion = 7.0.1;
					};
				};
			};
			buildConfigurationList = EC8D667C1BD8E28000E3FE31 /* Build configuration list for PBXProject "crosslog" */;
			compatibilityVersion = "Xcode 3.2";
			developmentRegion = English;
			hasScannedForEncodings = 0;
			knownRegions = (
				en,
				Base,
			);
			mainGroup = EC8D66781BD8E28000E3FE31;
			productRefGroup = EC8D66821BD8E28000E3FE31 /* Products */;
			projectDirPath = "";
			projectRoot = "";
			targets = (
				EC8D66801BD8E28000E3FE31 /* crosslog */,
			);
		};
/* End PBXProject section */

/* Begin PBXResourcesBuildPhase section */
		EC8D667F1BD8E28000E3FE31 /* Resources */ = {
			isa = PBXResourcesBuildPhase;
			buildActionMask = 2147483647;
			files = (
				EC8D668F1BD8E28100E3FE31 /* LaunchScreen.storyboard in Resources */,
				EC8D668C1BD8E28100E3FE31 /* Assets.xcassets in Resources */,
				EC8D668A1BD8E28100E3FE31 /* Main.storyboard in Resources */,
				EC896EB41BF87CFC00A93CF9 /* HeaderView.xib in Resources */,
			);
			runOnlyForDeploymentPostprocessing = 0;
		};
/* End PBXResourcesBuildPhase section */

/* Begin PBXShellScriptBuildPhase section */
		62D2C328ED6919F6B41C3976 /* Embed Pods Frameworks */ = {
			isa = PBXShellScriptBuildPhase;
			buildActionMask = 2147483647;
			files = (
			);
			inputPaths = (
			);
			name = "Embed Pods Frameworks";
			outputPaths = (
			);
			runOnlyForDeploymentPostprocessing = 0;
			shellPath = /bin/sh;
			shellScript = "\"${SRCROOT}/Pods/Target Support Files/Pods/Pods-frameworks.sh\"\n";
			showEnvVarsInLog = 0;
		};
		6AD8A13F4A163E90C3185229 /* Copy Pods Resources */ = {
			isa = PBXShellScriptBuildPhase;
			buildActionMask = 2147483647;
			files = (
			);
			inputPaths = (
			);
			name = "Copy Pods Resources";
			outputPaths = (
			);
			runOnlyForDeploymentPostprocessing = 0;
			shellPath = /bin/sh;
			shellScript = "\"${SRCROOT}/Pods/Target Support Files/Pods/Pods-resources.sh\"\n";
			showEnvVarsInLog = 0;
		};
		E6E48D1B440F08E450B268F2 /* Check Pods Manifest.lock */ = {
			isa = PBXShellScriptBuildPhase;
			buildActionMask = 2147483647;
			files = (
			);
			inputPaths = (
			);
			name = "Check Pods Manifest.lock";
			outputPaths = (
			);
			runOnlyForDeploymentPostprocessing = 0;
			shellPath = /bin/sh;
			shellScript = "diff \"${PODS_ROOT}/../Podfile.lock\" \"${PODS_ROOT}/Manifest.lock\" > /dev/null\nif [[ $? != 0 ]] ; then\n    cat << EOM\nerror: The sandbox is not in sync with the Podfile.lock. Run 'pod install' or update your CocoaPods installation.\nEOM\n    exit 1\nfi\n";
			showEnvVarsInLog = 0;
		};
/* End PBXShellScriptBuildPhase section */

/* Begin PBXSourcesBuildPhase section */
		EC8D667D1BD8E28000E3FE31 /* Sources */ = {
			isa = PBXSourcesBuildPhase;
			buildActionMask = 2147483647;
			files = (
				EC8CD0141BDE996F00D41B24 /* Training.m in Sources */,
				EC9785BE1BDA161F00488F8F /* WorkoutItem.m in Sources */,
				EC8CD01C1BDE9AC500D41B24 /* User.m in Sources */,
				EC8D66991BD8F40B00E3FE31 /* ProfileViewController.swift in Sources */,
				EC8D669B1BD8F41D00E3FE31 /* FeedViewController.swift in Sources */,
				EC8CD0131BDE996F00D41B24 /* Training+CoreDataProperties.m in Sources */,
				EC8CD0161BDE99D500D41B24 /* FeedDataController.swift in Sources */,
				EC9785BF1BDA161F00488F8F /* Exercise+CoreDataProperties.m in Sources */,
				EC8D66851BD8E28100E3FE31 /* AppDelegate.swift in Sources */,
				EC9785AD1BDA0D8200488F8F /* crosslog.xcdatamodeld in Sources */,
				EC8CD00E1BDE989A00D41B24 /* UserService.swift in Sources */,
				EC9785BD1BDA161F00488F8F /* WorkoutItem+CoreDataProperties.m in Sources */,
				EC896EAF1BF87C2700A93CF9 /* Gym+CoreDataProperties.m in Sources */,
				EC896EB21BF87CED00A93CF9 /* HeaderView.swift in Sources */,
				EC896EB01BF87C2700A93CF9 /* Gym.m in Sources */,
				ECC6ED4F1BFB9E7300AE706E /* FeedCell.swift in Sources */,
				EC9785C01BDA161F00488F8F /* Exercise.m in Sources */,
				EC8D669D1BD8F42600E3FE31 /* SettingsViewController.swift in Sources */,
				EC8CD01B1BDE9AC500D41B24 /* User+CoreDataProperties.m in Sources */,
				EC9785C11BDA161F00488F8F /* Workout+CoreDataProperties.m in Sources */,
				EC9785C21BDA161F00488F8F /* Workout.m in Sources */,
				EC8CD00B1BDE94D500D41B24 /* Constants.swift in Sources */,
			);
			runOnlyForDeploymentPostprocessing = 0;
		};
/* End PBXSourcesBuildPhase section */

/* Begin PBXVariantGroup section */
		EC8D66881BD8E28100E3FE31 /* Main.storyboard */ = {
			isa = PBXVariantGroup;
			children = (
				EC8D66891BD8E28100E3FE31 /* Base */,
			);
			name = Main.storyboard;
			path = ..;
			sourceTree = "<group>";
		};
		EC8D668D1BD8E28100E3FE31 /* LaunchScreen.storyboard */ = {
			isa = PBXVariantGroup;
			children = (
				EC8D668E1BD8E28100E3FE31 /* Base */,
			);
			name = LaunchScreen.storyboard;
			path = ..;
			sourceTree = "<group>";
		};
/* End PBXVariantGroup section */

/* Begin XCBuildConfiguration section */
		EC8D66911BD8E28100E3FE31 /* Debug */ = {
			isa = XCBuildConfiguration;
			buildSettings = {
				ALWAYS_SEARCH_USER_PATHS = NO;
				CLANG_CXX_LANGUAGE_STANDARD = "gnu++0x";
				CLANG_CXX_LIBRARY = "libc++";
				CLANG_ENABLE_MODULES = YES;
				CLANG_ENABLE_OBJC_ARC = YES;
				CLANG_WARN_BOOL_CONVERSION = YES;
				CLANG_WARN_CONSTANT_CONVERSION = YES;
				CLANG_WARN_DIRECT_OBJC_ISA_USAGE = YES_ERROR;
				CLANG_WARN_EMPTY_BODY = YES;
				CLANG_WARN_ENUM_CONVERSION = YES;
				CLANG_WARN_INT_CONVERSION = YES;
				CLANG_WARN_OBJC_ROOT_CLASS = YES_ERROR;
				CLANG_WARN_UNREACHABLE_CODE = YES;
				CLANG_WARN__DUPLICATE_METHOD_MATCH = YES;
				"CODE_SIGN_IDENTITY[sdk=iphoneos*]" = "iPhone Developer";
				COPY_PHASE_STRIP = NO;
				DEBUG_INFORMATION_FORMAT = dwarf;
				ENABLE_STRICT_OBJC_MSGSEND = YES;
				ENABLE_TESTABILITY = YES;
				GCC_C_LANGUAGE_STANDARD = gnu99;
				GCC_DYNAMIC_NO_PIC = NO;
				GCC_NO_COMMON_BLOCKS = YES;
				GCC_OPTIMIZATION_LEVEL = 0;
				GCC_PRECOMPILE_PREFIX_HEADER = NO;
				GCC_PREFIX_HEADER = "";
				GCC_PREPROCESSOR_DEFINITIONS = (
					"DEBUG=1",
					"$(inherited)",
				);
				GCC_WARN_64_TO_32_BIT_CONVERSION = YES;
				GCC_WARN_ABOUT_RETURN_TYPE = YES_ERROR;
				GCC_WARN_UNDECLARED_SELECTOR = YES;
				GCC_WARN_UNINITIALIZED_AUTOS = YES_AGGRESSIVE;
				GCC_WARN_UNUSED_FUNCTION = YES;
				GCC_WARN_UNUSED_VARIABLE = YES;
				IPHONEOS_DEPLOYMENT_TARGET = 9.0;
				MTL_ENABLE_DEBUG_INFO = YES;
				ONLY_ACTIVE_ARCH = YES;
				SDKROOT = iphoneos;
				SWIFT_OPTIMIZATION_LEVEL = "-Onone";
			};
			name = Debug;
		};
		EC8D66921BD8E28100E3FE31 /* Release */ = {
			isa = XCBuildConfiguration;
			buildSettings = {
				ALWAYS_SEARCH_USER_PATHS = NO;
				CLANG_CXX_LANGUAGE_STANDARD = "gnu++0x";
				CLANG_CXX_LIBRARY = "libc++";
				CLANG_ENABLE_MODULES = YES;
				CLANG_ENABLE_OBJC_ARC = YES;
				CLANG_WARN_BOOL_CONVERSION = YES;
				CLANG_WARN_CONSTANT_CONVERSION = YES;
				CLANG_WARN_DIRECT_OBJC_ISA_USAGE = YES_ERROR;
				CLANG_WARN_EMPTY_BODY = YES;
				CLANG_WARN_ENUM_CONVERSION = YES;
				CLANG_WARN_INT_CONVERSION = YES;
				CLANG_WARN_OBJC_ROOT_CLASS = YES_ERROR;
				CLANG_WARN_UNREACHABLE_CODE = YES;
				CLANG_WARN__DUPLICATE_METHOD_MATCH = YES;
				"CODE_SIGN_IDENTITY[sdk=iphoneos*]" = "iPhone Developer";
				COPY_PHASE_STRIP = NO;
				DEBUG_INFORMATION_FORMAT = "dwarf-with-dsym";
				ENABLE_NS_ASSERTIONS = NO;
				ENABLE_STRICT_OBJC_MSGSEND = YES;
				GCC_C_LANGUAGE_STANDARD = gnu99;
				GCC_NO_COMMON_BLOCKS = YES;
				GCC_PRECOMPILE_PREFIX_HEADER = NO;
				GCC_PREFIX_HEADER = "";
				GCC_WARN_64_TO_32_BIT_CONVERSION = YES;
				GCC_WARN_ABOUT_RETURN_TYPE = YES_ERROR;
				GCC_WARN_UNDECLARED_SELECTOR = YES;
				GCC_WARN_UNINITIALIZED_AUTOS = YES_AGGRESSIVE;
				GCC_WARN_UNUSED_FUNCTION = YES;
				GCC_WARN_UNUSED_VARIABLE = YES;
				IPHONEOS_DEPLOYMENT_TARGET = 9.0;
				MTL_ENABLE_DEBUG_INFO = NO;
				SDKROOT = iphoneos;
				VALIDATE_PRODUCT = YES;
			};
			name = Release;
		};
		EC8D66941BD8E28100E3FE31 /* Debug */ = {
			isa = XCBuildConfiguration;
			baseConfigurationReference = 22BE1A02153C2F03A90338B1 /* Pods.debug.xcconfig */;
			buildSettings = {
				ASSETCATALOG_COMPILER_APPICON_NAME = AppIcon;
				CLANG_ENABLE_MODULES = YES;
				GCC_PREFIX_HEADER = "";
				INFOPLIST_FILE = crosslog/Info.plist;
				LD_RUNPATH_SEARCH_PATHS = "$(inherited) @executable_path/Frameworks";
				PRODUCT_BUNDLE_IDENTIFIER = ru.mrakhmalevich.crosslog;
				PRODUCT_NAME = "$(TARGET_NAME)";
				SWIFT_OBJC_BRIDGING_HEADER = "crosslog/Data Model/crosslog-Bridging-Header.h";
				SWIFT_OPTIMIZATION_LEVEL = "-Onone";
			};
			name = Debug;
		};
		EC8D66951BD8E28100E3FE31 /* Release */ = {
			isa = XCBuildConfiguration;
			baseConfigurationReference = BA5CCA4374F8F2F5DD062313 /* Pods.release.xcconfig */;
			buildSettings = {
				ASSETCATALOG_COMPILER_APPICON_NAME = AppIcon;
				CLANG_ENABLE_MODULES = YES;
				GCC_PREFIX_HEADER = "";
				INFOPLIST_FILE = crosslog/Info.plist;
				LD_RUNPATH_SEARCH_PATHS = "$(inherited) @executable_path/Frameworks";
				PRODUCT_BUNDLE_IDENTIFIER = ru.mrakhmalevich.crosslog;
				PRODUCT_NAME = "$(TARGET_NAME)";
				SWIFT_OBJC_BRIDGING_HEADER = "crosslog/Data Model/crosslog-Bridging-Header.h";
			};
			name = Release;
		};
/* End XCBuildConfiguration section */

/* Begin XCConfigurationList section */
		EC8D667C1BD8E28000E3FE31 /* Build configuration list for PBXProject "crosslog" */ = {
			isa = XCConfigurationList;
			buildConfigurations = (
				EC8D66911BD8E28100E3FE31 /* Debug */,
				EC8D66921BD8E28100E3FE31 /* Release */,
			);
			defaultConfigurationIsVisible = 0;
			defaultConfigurationName = Release;
		};
		EC8D66931BD8E28100E3FE31 /* Build configuration list for PBXNativeTarget "crosslog" */ = {
			isa = XCConfigurationList;
			buildConfigurations = (
				EC8D66941BD8E28100E3FE31 /* Debug */,
				EC8D66951BD8E28100E3FE31 /* Release */,
			);
			defaultConfigurationIsVisible = 0;
			defaultConfigurationName = Release;
		};
/* End XCConfigurationList section */

/* Begin XCVersionGroup section */
		EC9785AB1BDA0D8200488F8F /* crosslog.xcdatamodeld */ = {
			isa = XCVersionGroup;
			children = (
				EC9785AC1BDA0D8200488F8F /* crosslog.xcdatamodel */,
			);
			currentVersion = EC9785AC1BDA0D8200488F8F /* crosslog.xcdatamodel */;
			path = crosslog.xcdatamodeld;
			sourceTree = "<group>";
			versionGroupType = wrapper.xcdatamodel;
		};
/* End XCVersionGroup section */
	};
	rootObject = EC8D66791BD8E28000E3FE31 /* Project object */;
}
